// !$*UTF8*$!
{
	archiveVersion = 1;
	classes = {
	};
	objectVersion = 71;
	objects = {

/* Begin PBXContainerItemProxy section */
		858D0932EEACC1122B4B1EF1 /* PBXContainerItemProxy */ = {
			isa = PBXContainerItemProxy;
			containerPortal = F6F4DA8D93E88A08220E03B7 /* Project object */;
			proxyType = 1;
			remoteGlobalIDString = FC4A695F02A8A53A129DCB9A;
			remoteInfo = Lycoris;
		};
/* End PBXContainerItemProxy section */

/* Begin PBXFileReference section */
		20FE01F4FDC69033CBD3D0CC /* Debug.xcconfig */ = {isa = PBXFileReference; lastKnownFileType = text.xcconfig; path = Debug.xcconfig; sourceTree = "<group>"; };
		295E1CE0161A73DBAF3BD01A /* Release.xcconfig */ = {isa = PBXFileReference; lastKnownFileType = text.xcconfig; path = Release.xcconfig; sourceTree = "<group>"; };
		33C337BCD18D1B1C1B2EBA2C /* LycorisUITests.xctest */ = {isa = PBXFileReference; explicitFileType = wrapper.cfbundle; includeInIndex = 0; path = LycorisUITests.xctest; sourceTree = BUILT_PRODUCTS_DIR; };
		7194A3F7997A23E0DEEA0320 /* Base.xcconfig */ = {isa = PBXFileReference; lastKnownFileType = text.xcconfig; path = Base.xcconfig; sourceTree = "<group>"; };
		77EB3AD38D803EC3C3DF9309 /* LycorisTests.xctest */ = {isa = PBXFileReference; explicitFileType = wrapper.cfbundle; includeInIndex = 0; path = LycorisTests.xctest; sourceTree = BUILT_PRODUCTS_DIR; };
		C2B6AF95E5FB6AF04547C8EA /* Lycoris.app */ = {isa = PBXFileReference; explicitFileType = wrapper.application; includeInIndex = 0; path = Lycoris.app; sourceTree = BUILT_PRODUCTS_DIR; };
		602E0EB2F3D0114BFD17840F /* Test.xcconfig */ = {isa = PBXFileReference; lastKnownFileType = text.xcconfig; path = Test.xcconfig; sourceTree = "<group>"; };
/* End PBXFileReference section */

/* Begin PBXFileSystemSynchronizedRootGroup section */
		19FE77B134B2ACBE6E942E45 /* LycorisUITests */ = {isa = PBXFileSystemSynchronizedRootGroup; explicitFileTypes = {}; explicitFolders = (); path = LycorisUITests; sourceTree = "<group>"; };
		2EB56BE3C2D93CDAB0C52E67 /* Lycoris */ = {isa = PBXFileSystemSynchronizedRootGroup; explicitFileTypes = {}; explicitFolders = (); path = Lycoris; sourceTree = "<group>"; };
		87AA925F24AC656A8AAB80A9 /* LycorisTests */ = {isa = PBXFileSystemSynchronizedRootGroup; explicitFileTypes = {}; explicitFolders = (); path = LycorisTests; sourceTree = "<group>"; };
/* End PBXFileSystemSynchronizedRootGroup section */

/* Begin PBXFrameworksBuildPhase section */
		0F91A57B11B30F1A7980649D /* Frameworks */ = {
			isa = PBXFrameworksBuildPhase;
			buildActionMask = 2147483647;
			files = (
			);
			runOnlyForDeploymentPostprocessing = 0;
		};
		576EF13F7DEFCC568D47D137 /* Frameworks */ = {
			isa = PBXFrameworksBuildPhase;
			buildActionMask = 2147483647;
			files = (
			);
			runOnlyForDeploymentPostprocessing = 0;
		};
		EF6C3BB638B546EC989A7215 /* Frameworks */ = {
			isa = PBXFrameworksBuildPhase;
			buildActionMask = 2147483647;
			files = (
			);
			runOnlyForDeploymentPostprocessing = 0;
		};
/* End PBXFrameworksBuildPhase section */

/* Begin PBXGroup section */
		8851142DA56FD885CE668A16 /* Config */ = {
			isa = PBXGroup;
			children = (
				20FE01F4FDC69033CBD3D0CC /* Debug.xcconfig */,
				295E1CE0161A73DBAF3BD01A /* Release.xcconfig */,
				7194A3F7997A23E0DEEA0320 /* Base.xcconfig */,
				602E0EB2F3D0114BFD17840F /* Test.xcconfig */,
			);
			path = Config;
			sourceTree = "<group>";
		};
		E96857C58F716104CAEAD648 = {
			isa = PBXGroup;
			children = (
				19FE77B134B2ACBE6E942E45 /* LycorisUITests */,
				2EB56BE3C2D93CDAB0C52E67 /* Lycoris */,
				87AA925F24AC656A8AAB80A9 /* LycorisTests */,
				8851142DA56FD885CE668A16 /* Config */,
				FE0A091FDBFB3E9C31B7A1BD /* Products */,
			);
			sourceTree = "<group>";
		};
		FE0A091FDBFB3E9C31B7A1BD /* Products */ = {
			isa = PBXGroup;
			children = (
				33C337BCD18D1B1C1B2EBA2C /* LycorisUITests.xctest */,
				C2B6AF95E5FB6AF04547C8EA /* Lycoris.app */,
				77EB3AD38D803EC3C3DF9309 /* LycorisTests.xctest */,
			);
			name = Products;
			sourceTree = "<group>";
		};
/* End PBXGroup section */

/* Begin PBXNativeTarget section */
		39FDEC1194D94212B871A28B /* LycorisTests */ = {
			isa = PBXNativeTarget;
			buildConfigurationList = FF22B4F29851F2D7C0C485AF /* Build configuration list for PBXNativeTarget "LycorisTests" */;
			buildPhases = (
				B101481D07CFC33C8ABA7747 /* Sources */,
				576EF13F7DEFCC568D47D137 /* Frameworks */,
				8239CAE016E1D20AB5E65A12 /* Resources */,
			);
			buildRules = (
			);
			dependencies = (
				8BC62B80562684797FDF3D7A /* PBXTargetDependency */,
			);
			fileSystemSynchronizedGroups = (
				87AA925F24AC656A8AAB80A9 /* LycorisTests */,
			);
			name = LycorisTests;
			packageProductDependencies = (
			);
			productName = LycorisTests;
			productReference = 77EB3AD38D803EC3C3DF9309 /* LycorisTests.xctest */;
			productType = "com.apple.product-type.bundle.unit-test";
		};
		8D5093D2C263EEDEAE2010BE /* LycorisUITests */ = {
			isa = PBXNativeTarget;
			buildConfigurationList = DAFE6B4AE7F615235D51AC8B /* Build configuration list for PBXNativeTarget "LycorisUITests" */;
			buildPhases = (
				A6635B5FEDD6FB619279BD2B /* Sources */,
				EF6C3BB638B546EC989A7215 /* Frameworks */,
				925F524464A6DEADEA3CB62A /* Resources */,
			);
			buildRules = (
			);
			dependencies = (
				8BC62B80562684797FDF3D7A /* PBXTargetDependency */,
			);
			fileSystemSynchronizedGroups = (
				19FE77B134B2ACBE6E942E45 /* LycorisUITests */,
			);
			name = LycorisUITests;
			productName = LycorisUITests;
			productReference = 33C337BCD18D1B1C1B2EBA2C /* LycorisUITests.xctest */;
			productType = "com.apple.product-type.bundle.ui-testing";
		};
		FC4A695F02A8A53A129DCB9A /* Lycoris */ = {
			isa = PBXNativeTarget;
			buildConfigurationList = B5E4F9F7C53A9A6AF99DBCE3 /* Build configuration list for PBXNativeTarget "Lycoris" */;
			buildPhases = (
				6805EC6AFDAFDBE18E2FF355 /* Sources */,
				0F91A57B11B30F1A7980649D /* Frameworks */,
				2AC7AB26953A78AD46B49603 /* Resources */,
			);
			buildRules = (
			);
			dependencies = (
			);
			fileSystemSynchronizedGroups = (
				2EB56BE3C2D93CDAB0C52E67 /* Lycoris */,
			);
			name = Lycoris;
			packageProductDependencies = (
			);
			productName = Lycoris;
			productReference = C2B6AF95E5FB6AF04547C8EA /* Lycoris.app */;
			productType = "com.apple.product-type.application";
		};
/* End PBXNativeTarget section */

/* Begin PBXProject section */
		F6F4DA8D93E88A08220E03B7 /* Project object */ = {
			isa = PBXProject;
			attributes = {
				BuildIndependentTargetsInParallel = YES;
				LastUpgradeCheck = 2660;
				TargetAttributes = {
					39FDEC1194D94212B871A28B = {
						CreatedOnToolsVersion = 26.6;
						TestTargetID = FC4A695F02A8A53A129DCB9A;
					};
					FC4A695F02A8A53A129DCB9A = {
						CreatedOnToolsVersion = 26.6;
					};
				};
			};
			buildConfigurationList = 5D7731714D3E69D68AA8D7ED /* Build configuration list for PBXProject "Lycoris" */;
			compatibilityVersion = "Xcode 16.0";
			developmentRegion = en;
			hasScannedForEncodings = 0;
			knownRegions = (
				en,
				Base,
				"zh-Hans",
			);
			mainGroup = E96857C58F716104CAEAD648;
			productRefGroup = FE0A091FDBFB3E9C31B7A1BD /* Products */;
			projectDirPath = "";
			projectRoot = "";
			targets = (
				FC4A695F02A8A53A129DCB9A /* Lycoris */,
				39FDEC1194D94212B871A28B /* LycorisTests */,
				8D5093D2C263EEDEAE2010BE /* LycorisUITests */,
			);
		};
/* End PBXProject section */

/* Begin PBXResourcesBuildPhase section */
		2AC7AB26953A78AD46B49603 /* Resources */ = {
			isa = PBXResourcesBuildPhase;
			buildActionMask = 2147483647;
			files = (
			);
			runOnlyForDeploymentPostprocessing = 0;
		};
		8239CAE016E1D20AB5E65A12 /* Resources */ = {
			isa = PBXResourcesBuildPhase;
			buildActionMask = 2147483647;
			files = (
			);
			runOnlyForDeploymentPostprocessing = 0;
		};
		925F524464A6DEADEA3CB62A /* Resources */ = {
			isa = PBXResourcesBuildPhase;
			buildActionMask = 2147483647;
			files = (
			);
			runOnlyForDeploymentPostprocessing = 0;
		};
/* End PBXResourcesBuildPhase section */

/* Begin PBXSourcesBuildPhase section */
		6805EC6AFDAFDBE18E2FF355 /* Sources */ = {
			isa = PBXSourcesBuildPhase;
			buildActionMask = 2147483647;
			files = (
			);
			runOnlyForDeploymentPostprocessing = 0;
		};
		A6635B5FEDD6FB619279BD2B /* Sources */ = {
			isa = PBXSourcesBuildPhase;
			buildActionMask = 2147483647;
			files = (
			);
			runOnlyForDeploymentPostprocessing = 0;
		};
		B101481D07CFC33C8ABA7747 /* Sources */ = {
			isa = PBXSourcesBuildPhase;
			buildActionMask = 2147483647;
			files = (
			);
			runOnlyForDeploymentPostprocessing = 0;
		};
/* End PBXSourcesBuildPhase section */

/* Begin PBXTargetDependency section */
		8BC62B80562684797FDF3D7A /* PBXTargetDependency */ = {
			isa = PBXTargetDependency;
			target = FC4A695F02A8A53A129DCB9A /* Lycoris */;
			targetProxy = 858D0932EEACC1122B4B1EF1 /* PBXContainerItemProxy */;
		};
/* End PBXTargetDependency section */

/* Begin XCBuildConfiguration section */
		066776A1C212750E8BE506A2 /* Release */ = {
			isa = XCBuildConfiguration;
			baseConfigurationReference = 295E1CE0161A73DBAF3BD01A /* Release.xcconfig */;
			buildSettings = {
				ASSETCATALOG_COMPILER_GLOBAL_ACCENT_COLOR_NAME = AccentColor;
			};
			name = Release;
		};
		1D8C0C6B1D22EA8C7669B263 /* Release */ = {
			isa = XCBuildConfiguration;
			buildSettings = {
				CLANG_ENABLE_MODULES = YES;
				CLANG_ENABLE_OBJC_ARC = YES;
				DEBUG_INFORMATION_FORMAT = "dwarf-with-dsym";
				ENABLE_USER_SCRIPT_SANDBOXING = YES;
				IPHONEOS_DEPLOYMENT_TARGET = 26.0;
				SDKROOT = iphoneos;
				SWIFT_STRICT_CONCURRENCY = complete;
				SWIFT_VERSION = 6.0;
				VALIDATE_PRODUCT = YES;
			};
			name = Release;
		};
		34BE6D4215B8B1C254345416 /* Debug */ = {
			isa = XCBuildConfiguration;
			buildSettings = {
				BUNDLE_LOADER = "$(TEST_HOST)";
				CODE_SIGN_STYLE = Automatic;
				GENERATE_INFOPLIST_FILE = YES;
				PRODUCT_BUNDLE_IDENTIFIER = com.lycoris.maps.tests;
				PRODUCT_NAME = "$(TARGET_NAME)";
				TARGETED_DEVICE_FAMILY = 1;
				TEST_HOST = "$(BUILT_PRODUCTS_DIR)/Lycoris.app/$(BUNDLE_EXECUTABLE_FOLDER_PATH)/Lycoris";
			};
			name = Debug;
		};
		3A77CD648711364E9A877D62 /* Debug */ = {
			isa = XCBuildConfiguration;
			baseConfigurationReference = 20FE01F4FDC69033CBD3D0CC /* Debug.xcconfig */;
			buildSettings = {
				ASSETCATALOG_COMPILER_GLOBAL_ACCENT_COLOR_NAME = AccentColor;
			};
			name = Debug;
		};
		651D637619756FF1A8400F67 /* Debug */ = {
			isa = XCBuildConfiguration;
			buildSettings = {
				CODE_SIGN_STYLE = Automatic;
				GENERATE_INFOPLIST_FILE = YES;
				PRODUCT_BUNDLE_IDENTIFIER = com.lycoris.maps.uitests;
				PRODUCT_NAME = "$(TARGET_NAME)";
				TARGETED_DEVICE_FAMILY = 1;
				TEST_TARGET_NAME = Lycoris;
			};
			name = Debug;
		};
		93D1ABD72F8ECFF4A5798A0D /* Release */ = {
			isa = XCBuildConfiguration;
			buildSettings = {
				CODE_SIGN_STYLE = Automatic;
				GENERATE_INFOPLIST_FILE = YES;
				PRODUCT_BUNDLE_IDENTIFIER = com.lycoris.maps.uitests;
				PRODUCT_NAME = "$(TARGET_NAME)";
				TARGETED_DEVICE_FAMILY = 1;
				TEST_TARGET_NAME = Lycoris;
			};
			name = Release;
		};
		BFD315016DE16320F7E2120C /* Debug */ = {
			isa = XCBuildConfiguration;
			buildSettings = {
				CLANG_ENABLE_MODULES = YES;
				CLANG_ENABLE_OBJC_ARC = YES;
				DEBUG_INFORMATION_FORMAT = dwarf;
				ENABLE_TESTABILITY = YES;
				ENABLE_USER_SCRIPT_SANDBOXING = YES;
				IPHONEOS_DEPLOYMENT_TARGET = 26.0;
				ONLY_ACTIVE_ARCH = YES;
				SDKROOT = iphoneos;
				SWIFT_OPTIMIZATION_LEVEL = "-Onone";
				SWIFT_STRICT_CONCURRENCY = complete;
				SWIFT_VERSION = 6.0;
			};
			name = Debug;
		};
		FADCA9E4220DCCB4910052B3 /* Release */ = {
			isa = XCBuildConfiguration;
			buildSettings = {
				BUNDLE_LOADER = "$(TEST_HOST)";
				CODE_SIGN_STYLE = Automatic;
				GENERATE_INFOPLIST_FILE = YES;
				PRODUCT_BUNDLE_IDENTIFIER = com.lycoris.maps.tests;
				PRODUCT_NAME = "$(TARGET_NAME)";
				TARGETED_DEVICE_FAMILY = 1;
				TEST_HOST = "$(BUILT_PRODUCTS_DIR)/Lycoris.app/$(BUNDLE_EXECUTABLE_FOLDER_PATH)/Lycoris";
			};
			name = Release;
		};
		95F992C65D42D767CACC7D4A /* Test */ = {
			isa = XCBuildConfiguration;
			buildSettings = {
				BUNDLE_LOADER = "$(TEST_HOST)";
				CODE_SIGN_STYLE = Automatic;
				GENERATE_INFOPLIST_FILE = YES;
				PRODUCT_BUNDLE_IDENTIFIER = com.lycoris.maps.tests;
				PRODUCT_NAME = "$(TARGET_NAME)";
				TARGETED_DEVICE_FAMILY = 1;
				TEST_HOST = "$(BUILT_PRODUCTS_DIR)/Lycoris.app/$(BUNDLE_EXECUTABLE_FOLDER_PATH)/Lycoris";
			};
			name = Test;
		};
		049AA259E55B10E2D642F47A /* Test */ = {
			isa = XCBuildConfiguration;
			baseConfigurationReference = 602E0EB2F3D0114BFD17840F /* Test.xcconfig */;
			buildSettings = {
				ASSETCATALOG_COMPILER_GLOBAL_ACCENT_COLOR_NAME = AccentColor;
			};
			name = Test;
		};
		CBC4134EDACDB2F08DD3E56B /* Test */ = {
			isa = XCBuildConfiguration;
			buildSettings = {
				CODE_SIGN_STYLE = Automatic;
				GENERATE_INFOPLIST_FILE = YES;
				PRODUCT_BUNDLE_IDENTIFIER = com.lycoris.maps.uitests;
				PRODUCT_NAME = "$(TARGET_NAME)";
				TARGETED_DEVICE_FAMILY = 1;
				TEST_TARGET_NAME = Lycoris;
			};
			name = Test;
		};
		B697755DF106C0BF6274FC55 /* Test */ = {
			isa = XCBuildConfiguration;
			buildSettings = {
				SWIFT_ACTIVE_COMPILATION_CONDITIONS = "DEBUG LYCORIS_LOCAL_TESTS";
				CLANG_ENABLE_MODULES = YES;
				CLANG_ENABLE_OBJC_ARC = YES;
				DEBUG_INFORMATION_FORMAT = dwarf;
				ENABLE_TESTABILITY = YES;
				ENABLE_USER_SCRIPT_SANDBOXING = YES;
				IPHONEOS_DEPLOYMENT_TARGET = 26.0;
				ONLY_ACTIVE_ARCH = YES;
				SDKROOT = iphoneos;
				SWIFT_OPTIMIZATION_LEVEL = "-Onone";
				SWIFT_STRICT_CONCURRENCY = complete;
				SWIFT_VERSION = 6.0;
			};
			name = Test;
		};
/* End XCBuildConfiguration section */

/* Begin XCConfigurationList section */
		5D7731714D3E69D68AA8D7ED /* Build configuration list for PBXProject "Lycoris" */ = {
			isa = XCConfigurationList;
			buildConfigurations = (
				BFD315016DE16320F7E2120C /* Debug */,
				B697755DF106C0BF6274FC55 /* Test */,
				1D8C0C6B1D22EA8C7669B263 /* Release */,
			);
			defaultConfigurationIsVisible = 0;
			defaultConfigurationName = Release;
		};
		B5E4F9F7C53A9A6AF99DBCE3 /* Build configuration list for PBXNativeTarget "Lycoris" */ = {
			isa = XCConfigurationList;
			buildConfigurations = (
				3A77CD648711364E9A877D62 /* Debug */,
				049AA259E55B10E2D642F47A /* Test */,
				066776A1C212750E8BE506A2 /* Release */,
			);
			defaultConfigurationIsVisible = 0;
			defaultConfigurationName = Release;
		};
		DAFE6B4AE7F615235D51AC8B /* Build configuration list for PBXNativeTarget "LycorisUITests" */ = {
			isa = XCConfigurationList;
			buildConfigurations = (
				651D637619756FF1A8400F67 /* Debug */,
				CBC4134EDACDB2F08DD3E56B /* Test */,
				93D1ABD72F8ECFF4A5798A0D /* Release */,
			);
			defaultConfigurationIsVisible = 0;
			defaultConfigurationName = Release;
		};
		FF22B4F29851F2D7C0C485AF /* Build configuration list for PBXNativeTarget "LycorisTests" */ = {
			isa = XCConfigurationList;
			buildConfigurations = (
				34BE6D4215B8B1C254345416 /* Debug */,
				95F992C65D42D767CACC7D4A /* Test */,
				FADCA9E4220DCCB4910052B3 /* Release */,
			);
			defaultConfigurationIsVisible = 0;
			defaultConfigurationName = Release;
		};
/* End XCConfigurationList section */
	};
	rootObject = F6F4DA8D93E88A08220E03B7 /* Project object */;
}
